// !$*UTF8*$!
{
	archiveVersion = 1;
	classes = {
	};
	objectVersion = 56;
	objects = {

/* Begin PBXBuildFile section */
		5282ECAA2AAF18E40024C6B0 /* DemoApp.swift in Sources */ = {isa = PBXBuildFile; fileRef = 5282ECA92AAF18E40024C6B0 /* DemoApp.swift */; };
		5282ECAC2AAF18E40024C6B0 /* ContentView.swift in Sources */ = {isa = PBXBuildFile; fileRef = 5282ECAB2AAF18E40024C6B0 /* ContentView.swift */; };
		5282ECAE2AAF18E50024C6B0 /* Assets.xcassets in Resources */ = {isa = PBXBuildFile; fileRef = 5282ECAD2AAF18E50024C6B0 /* Assets.xcassets */; };
		5282ECB12AAF18E50024C6B0 /* Preview Assets.xcassets in Resources */ = {isa = PBXBuildFile; fileRef = 5282ECB02AAF18E50024C6B0 /* Preview Assets.xcassets */; };
		5282ECBB2AAF19960024C6B0 /* ImageConvertModel.swift in Sources */ = {isa = PBXBuildFile; fileRef = 5282ECBA2AAF19960024C6B0 /* ImageConvertModel.swift */; };
		5282ECBE2AAF1A800024C6B0 /* ImageOCR in Frameworks */ = {isa = PBXBuildFile; productRef = 5282ECBD2AAF1A800024C6B0 /* ImageOCR */; };
		5282ECC22AAF1AF00024C6B0 /* QB8C.png in Resources */ = {isa = PBXBuildFile; fileRef = 5282ECC12AAF1AF00024C6B0 /* QB8C.png */; };
/* End PBXBuildFile section */

/* Begin PBXFileReference section */
		5282ECA62AAF18E40024C6B0 /* Demo.app */ = {isa = PBXFileReference; explicitFileType = wrapper.application; includeInIndex = 0; path = Demo.app; sourceTree = BUILT_PRODUCTS_DIR; };
		5282ECA92AAF18E40024C6B0 /* DemoApp.swift */ = {isa = PBXFileReference; lastKnownFileType = sourcecode.swift; path = DemoApp.swift; sourceTree = "<group>"; };
		5282ECAB2AAF18E40024C6B0 /* ContentView.swift */ = {isa = PBXFileReference; lastKnownFileType = sourcecode.swift; path = ContentView.swift; sourceTree = "<group>"; };
		5282ECAD2AAF18E50024C6B0 /* Assets.xcassets */ = {isa = PBXFileReference; lastKnownFileType = folder.assetcatalog; path = Assets.xcassets; sourceTree = "<group>"; };
		5282ECB02AAF18E50024C6B0 /* Preview Assets.xcassets */ = {isa = PBXFileReference; lastKnownFileType = folder.assetcatalog; path = "Preview Assets.xcassets"; sourceTree = "<group>"; };
		5282ECB22AAF18E50024C6B0 /* Demo.entitlements */ = {isa = PBXFileReference; lastKnownFileType = text.plist.entitlements; path = Demo.entitlements; sourceTree = "<group>"; };
		5282ECB92AAF191C0024C6B0 /* ImageOCR */ = {isa = PBXFileReference; lastKnownFileType = wrapper; name = ImageOCR; path = ..; sourceTree = "<group>"; };
		5282ECBA2AAF19960024C6B0 /* ImageConvertModel.swift */ = {isa = PBXFileReference; lastKnownFileType = sourcecode.swift; path = ImageConvertModel.swift; sourceTree = "<group>"; };
		5282ECC12AAF1AF00024C6B0 /* QB8C.png */ = {isa = PBXFileReference; lastKnownFileType = image.png; path = QB8C.png; sourceTree = "<group>"; };
		5282ECC32AAF21AA0024C6B0 /* Info.plist */ = {isa = PBXFileReference; lastKnownFileType = text.plist; path = Info.plist; sourceTree = "<group>"; };
/* End PBXFileReference section */

/* Begin PBXFrameworksBuildPhase section */
		5282ECA32AAF18E40024C6B0 /* Frameworks */ = {
			isa = PBXFrameworksBuildPhase;
			buildActionMask = 2147483647;
			files = (
				5282ECBE2AAF1A800024C6B0 /* ImageOCR in Frameworks */,
			);
			runOnlyForDeploymentPostprocessing = 0;
		};
/* End PBXFrameworksBuildPhase section */

/* Begin PBXGroup section */
		5282EC9D2AAF18E40024C6B0 = {
			isa = PBXGroup;
			children = (
				5282ECB82AAF191C0024C6B0 /* Packages */,
				5282ECA82AAF18E40024C6B0 /* Demo */,
				5282ECA72AAF18E40024C6B0 /* Products */,
				5282ECBC2AAF1A800024C6B0 /* Frameworks */,
			);
			sourceTree = "<group>";
		};
		5282ECA72AAF18E40024C6B0 /* Products */ = {
			isa = PBXGroup;
			children = (
				5282ECA62AAF18E40024C6B0 /* Demo.app */,
			);
			name = Products;
			sourceTree = "<group>";
		};
		5282ECA82AAF18E40024C6B0 /* Demo */ = {
			isa = PBXGroup;
			children = (
				5282ECC32AAF21AA0024C6B0 /* Info.plist */,
				5282ECC12AAF1AF00024C6B0 /* QB8C.png */,
				5282ECA92AAF18E40024C6B0 /* DemoApp.swift */,
				5282ECAB2AAF18E40024C6B0 /* ContentView.swift */,
				5282ECBA2AAF19960024C6B0 /* ImageConvertModel.swift */,
				5282ECAD2AAF18E50024C6B0 /* Assets.xcassets */,
				5282ECB22AAF18E50024C6B0 /* Demo.entitlements */,
				5282ECAF2AAF18E50024C6B0 /* Preview Content */,
			);
			path = Demo;
			sourceTree = "<group>";
		};
		5282ECAF2AAF18E50024C6B0 /* Preview Content */ = {
			isa = PBXGroup;
			children = (
				5282ECB02AAF18E50024C6B0 /* Preview Assets.xcassets */,
			);
			path = "Preview Content";
			sourceTree = "<group>";
		};
		5282ECB82AAF191C0024C6B0 /* Packages */ = {
			isa = PBXGroup;
			children = (
				5282ECB92AAF191C0024C6B0 /* ImageOCR */,
			);
			name = Packages;
			sourceTree = "<group>";
		};
		5282ECBC2AAF1A800024C6B0 /* Frameworks */ = {
			isa = PBXGroup;
			children = (
			);
			name = Frameworks;
			sourceTree = "<group>";
		};
/* End PBXGroup section */

/* Begin PBXNativeTarget section */
		5282ECA52AAF18E40024C6B0 /* Demo */ = {
			isa = PBXNativeTarget;
			buildConfigurationList = 5282ECB52AAF18E50024C6B0 /* Build configuration list for PBXNativeTarget "Demo" */;
			buildPhases = (
				5282ECA22AAF18E40024C6B0 /* Sources */,
				5282ECA32AAF18E40024C6B0 /* Frameworks */,
				5282ECA42AAF18E40024C6B0 /* Resources */,
			);
			buildRules = (
			);
			dependencies = (
			);
			name = Demo;
			packageProductDependencies = (
				5282ECBD2AAF1A800024C6B0 /* ImageOCR */,
			);
			productName = Demo;
			productReference = 5282ECA62AAF18E40024C6B0 /* Demo.app */;
			productType = "com.apple.product-type.application";
		};
/* End PBXNativeTarget section */

/* Begin PBXProject section */
		5282EC9E2AAF18E40024C6B0 /* Project object */ = {
			isa = PBXProject;
			attributes = {
				BuildIndependentTargetsInParallel = 1;
				LastSwiftUpdateCheck = 1430;
				LastUpgradeCheck = 1430;
				TargetAttributes = {
					5282ECA52AAF18E40024C6B0 = {
						CreatedOnToolsVersion = 14.3.1;
					};
				};
			};
			buildConfigurationList = 5282ECA12AAF18E40024C6B0 /* Build configuration list for PBXProject "Demo" */;
			compatibilityVersion = "Xcode 14.0";
			developmentRegion = en;
			hasScannedForEncodings = 0;
			knownRegions = (
				en,
				Base,
			);
			mainGroup = 5282EC9D2AAF18E40024C6B0;
			productRefGroup = 5282ECA72AAF18E40024C6B0 /* Products */;
			projectDirPath = "";
			projectRoot = "";
			targets = (
				5282ECA52AAF18E40024C6B0 /* Demo */,
			);
		};
/* End PBXProject section */

/* Begin PBXResourcesBuildPhase section */
		5282ECA42AAF18E40024C6B0 /* Resources */ = {
			isa = PBXResourcesBuildPhase;
			buildActionMask = 2147483647;
			files = (
				5282ECC22AAF1AF00024C6B0 /* QB8C.png in Resources */,
				5282ECB12AAF18E50024C6B0 /* Preview Assets.xcassets in Resources */,
				5282ECAE2AAF18E50024C6B0 /* Assets.xcassets in Resources */,
			);
			runOnlyForDeploymentPostprocessing = 0;
		};
/* End PBXResourcesBuildPhase section */

/* Begin PBXSourcesBuildPhase section */
		5282ECA22AAF18E40024C6B0 /* Sources */ = {
			isa = PBXSourcesBuildPhase;
			buildActionMask = 2147483647;
			files = (
				5282ECAC2AAF18E40024C6B0 /* ContentView.swift in Sources */,
				5282ECAA2AAF18E40024C6B0 /* DemoApp.swift in Sources */,
				5282ECBB2AAF19960024C6B0 /* ImageConvertModel.swift in Sources */,
			);
			runOnlyForDeploymentPostprocessing = 0;
		};
/* End PBXSourcesBuildPhase section */

/* Begin XCBuildConfiguration section */
		5282ECB32AAF18E50024C6B0 /* Debug */ = {
			isa = XCBuildConfiguration;
			buildSettings = {
				ALWAYS_SEARCH_USER_PATHS = NO;
				CLANG_ANALYZER_NONNULL = YES;
				CLANG_ANALYZER_NUMBER_OBJECT_CONVERSION = YES_AGGRESSIVE;
				CLANG_CXX_LANGUAGE_STANDARD = "gnu++20";
				CLANG_ENABLE_MODULES = YES;
				CLANG_ENABLE_OBJC_ARC = YES;
				CLANG_ENABLE_OBJC_WEAK = YES;
				CLANG_WARN_BLOCK_CAPTURE_AUTORELEASING = YES;
				CLANG_WARN_BOOL_CONVERSION = YES;
				CLANG_WARN_COMMA = YES;
				CLANG_WARN_CONSTANT_CONVERSION = YES;
				CLANG_WARN_DEPRECATED_OBJC_IMPLEMENTATIONS = YES;
				CLANG_WARN_DIRECT_OBJC_ISA_USAGE = YES_ERROR;
				CLANG_WARN_DOCUMENTATION_COMMENTS = YES;
				CLANG_WARN_EMPTY_BODY = YES;
				CLANG_WARN_ENUM_CONVERSION = YES;
				CLANG_WARN_INFINITE_RECURSION = YES;
				CLANG_WARN_INT_CONVERSION = YES;
				CLANG_WARN_NON_LITERAL_NULL_CONVERSION = YES;
				CLANG_WARN_OBJC_IMPLICIT_RETAIN_SELF = YES;
				CLANG_WARN_OBJC_LITERAL_CONVERSION = YES;
				CLANG_WARN_OBJC_ROOT_CLASS = YES_ERROR;
				CLANG_WARN_QUOTED_INCLUDE_IN_FRAMEWORK_HEADER = YES;
				CLANG_WARN_RANGE_LOOP_ANALYSIS = YES;
				CLANG_WARN_STRICT_PROTOTYPES = YES;
				CLANG_WARN_SUSPICIOUS_MOVE = YES;
				CLANG_WARN_UNGUARDED_AVAILABILITY = YES_AGGRESSIVE;
				CLANG_WARN_UNREACHABLE_CODE = YES;
				CLANG_WARN__DUPLICATE_METHOD_MATCH = YES;
				COPY_PHASE_STRIP = NO;
				DEBUG_INFORMATION_FORMAT = dwarf;
				ENABLE_STRICT_OBJC_MSGSEND = YES;
				ENABLE_TESTABILITY = YES;
				GCC_C_LANGUAGE_STANDARD = gnu11;
				GCC_DYNAMIC_NO_PIC = NO;
				GCC_NO_COMMON_BLOCKS = YES;
				GCC_OPTIMIZATION_LEVEL = 0;
				GCC_PREPROCESSOR_DEFINITIONS = (
					"DEBUG=1",
					"$(inherited)",
				);
				GCC_WARN_64_TO_32_BIT_CONVERSION = YES;
				GCC_WARN_ABOUT_RETURN_TYPE = YES_ERROR;
				GCC_WARN_UNDECLARED_SELECTOR = YES;
				GCC_WARN_UNINITIALIZED_AUTOS = YES_AGGRESSIVE;
				GCC_WARN_UNUSED_FUNCTION = YES;
				GCC_WARN_UNUSED_VARIABLE = YES;
				MACOSX_DEPLOYMENT_TARGET = 13.3;
				MTL_ENABLE_DEBUG_INFO = INCLUDE_SOURCE;
				MTL_FAST_MATH = YES;
				ONLY_ACTIVE_ARCH = YES;
				SDKROOT = macosx;
				SWIFT_ACTIVE_COMPILATION_CONDITIONS = DEBUG;
				SWIFT_OPTIMIZATION_LEVEL = "-Onone";
			};
			name = Debug;
		};
		5282ECB42AAF18E50024C6B0 /* Release */ = {
			isa = XCBuildConfiguration;
			buildSettings = {
				ALWAYS_SEARCH_USER_PATHS = NO;
				CLANG_ANALYZER_NONNULL = YES;
				CLANG_ANALYZER_NUMBER_OBJECT_CONVERSION = YES_AGGRESSIVE;
				CLANG_CXX_LANGUAGE_STANDARD = "gnu++20";
				CLANG_ENABLE_MODULES = YES;
				CLANG_ENABLE_OBJC_ARC = YES;
				CLANG_ENABLE_OBJC_WEAK = YES;
				CLANG_WARN_BLOCK_CAPTURE_AUTORELEASING = YES;
				CLANG_WARN_BOOL_CONVERSION = YES;
				CLANG_WARN_COMMA = YES;
				CLANG_WARN_CONSTANT_CONVERSION = YES;
				CLANG_WARN_DEPRECATED_OBJC_IMPLEMENTATIONS = YES;
				CLANG_WARN_DIRECT_OBJC_ISA_USAGE = YES_ERROR;
				CLANG_WARN_DOCUMENTATION_COMMENTS = YES;
				CLANG_WARN_EMPTY_BODY = YES;
				CLANG_WARN_ENUM_CONVERSION = YES;
				CLANG_WARN_INFINITE_RECURSION = YES;
				CLANG_WARN_INT_CONVERSION = YES;
				CLANG_WARN_NON_LITERAL_NULL_CONVERSION = YES;
				CLANG_WARN_OBJC_IMPLICIT_RETAIN_SELF = YES;
				CLANG_WARN_OBJC_LITERAL_CONVERSION = YES;
				CLANG_WARN_OBJC_ROOT_CLASS = YES_ERROR;
				CLANG_WARN_QUOTED_INCLUDE_IN_FRAMEWORK_HEADER = YES;
				CLANG_WARN_RANGE_LOOP_ANALYSIS = YES;
				CLANG_WARN_STRICT_PROTOTYPES = YES;
				CLANG_WARN_SUSPICIOUS_MOVE = YES;
				CLANG_WARN_UNGUARDED_AVAILABILITY = YES_AGGRESSIVE;
				CLANG_WARN_UNREACHABLE_CODE = YES;
				CLANG_WARN__DUPLICATE_METHOD_MATCH = YES;
				COPY_PHASE_STRIP = NO;
				DEBUG_INFORMATION_FORMAT = "dwarf-with-dsym";
				ENABLE_NS_ASSERTIONS = NO;
				ENABLE_STRICT_OBJC_MSGSEND = YES;
				GCC_C_LANGUAGE_STANDARD = gnu11;
				GCC_NO_COMMON_BLOCKS = YES;
				GCC_WARN_64_TO_32_BIT_CONVERSION = YES;
				GCC_WARN_ABOUT_RETURN_TYPE = YES_ERROR;
				GCC_WARN_UNDECLARED_SELECTOR = YES;
				GCC_WARN_UNINITIALIZED_AUTOS = YES_AGGRESSIVE;
				GCC_WARN_UNUSED_FUNCTION = YES;
				GCC_WARN_UNUSED_VARIABLE = YES;
				MACOSX_DEPLOYMENT_TARGET = 13.3;
				MTL_ENABLE_DEBUG_INFO = NO;
				MTL_FAST_MATH = YES;
				SDKROOT = macosx;
				SWIFT_COMPILATION_MODE = wholemodule;
				SWIFT_OPTIMIZATION_LEVEL = "-O";
			};
			name = Release;
		};
		5282ECB62AAF18E50024C6B0 /* Debug */ = {
			isa = XCBuildConfiguration;
			buildSettings = {
				ASSETCATALOG_COMPILER_APPICON_NAME = AppIcon;
				ASSETCATALOG_COMPILER_GLOBAL_ACCENT_COLOR_NAME = AccentColor;
				CODE_SIGN_ENTITLEMENTS = Demo/Demo.entitlements;
				CODE_SIGN_STYLE = Automatic;
				COMBINE_HIDPI_IMAGES = YES;
				CURRENT_PROJECT_VERSION = 1;
				DEVELOPMENT_ASSET_PATHS = "\"Demo/Preview Content\"";
				DEVELOPMENT_TEAM = E6NP67H473;
				ENABLE_HARDENED_RUNTIME = YES;
				ENABLE_PREVIEWS = YES;
				GENERATE_INFOPLIST_FILE = YES;
				INFOPLIST_FILE = Demo/Info.plist;
				INFOPLIST_KEY_NSAppleEventsUsageDescription = "App需要访问您的文件和磁盘";
				INFOPLIST_KEY_NSHumanReadableCopyright = "";
				LD_RUNPATH_SEARCH_PATHS = (
					"$(inherited)",
					"@executable_path/../Frameworks",
				);
				MARKETING_VERSION = 1.0;
				PRODUCT_BUNDLE_IDENTIFIER = com.ascp.S8Blocker.Demo;
				PRODUCT_NAME = "$(TARGET_NAME)";
				SWIFT_EMIT_LOC_STRINGS = YES;
				SWIFT_VERSION = 5.0;
			};
			name = Debug;
		};
		5282ECB72AAF18E50024C6B0 /* Release */ = {
			isa = XCBuildConfiguration;
			buildSettings = {
				ASSETCATALOG_COMPILER_APPICON_NAME = AppIcon;
				ASSETCATALOG_COMPILER_GLOBAL_ACCENT_COLOR_NAME = AccentColor;
				CODE_SIGN_ENTITLEMENTS = Demo/Demo.entitlements;
				CODE_SIGN_STYLE = Automatic;
				COMBINE_HIDPI_IMAGES = YES;
				CURRENT_PROJECT_VERSION = 1;
				DEVELOPMENT_ASSET_PATHS = "\"Demo/Preview Content\"";
				DEVELOPMENT_TEAM = E6NP67H473;
				ENABLE_HARDENED_RUNTIME = YES;
				ENABLE_PREVIEWS = YES;
				GENERATE_INFOPLIST_FILE = YES;
				INFOPLIST_FILE = Demo/Info.plist;
				INFOPLIST_KEY_NSAppleEventsUsageDescription = "App需要访问您的文件和磁盘";
				INFOPLIST_KEY_NSHumanReadableCopyright = "";
				LD_RUNPATH_SEARCH_PATHS = (
					"$(inherited)",
					"@executable_path/../Frameworks",
				);
				MARKETING_VERSION = 1.0;
				PRODUCT_BUNDLE_IDENTIFIER = com.ascp.S8Blocker.Demo;
				PRODUCT_NAME = "$(TARGET_NAME)";
				SWIFT_EMIT_LOC_STRINGS = YES;
				SWIFT_VERSION = 5.0;
			};
			name = Release;
		};
/* End XCBuildConfiguration section */

/* Begin XCConfigurationList section */
		5282ECA12AAF18E40024C6B0 /* Build configuration list for PBXProject "Demo" */ = {
			isa = XCConfigurationList;
			buildConfigurations = (
				5282ECB32AAF18E50024C6B0 /* Debug */,
				5282ECB42AAF18E50024C6B0 /* Release */,
			);
			defaultConfigurationIsVisible = 0;
			defaultConfigurationName = Release;
		};
		5282ECB52AAF18E50024C6B0 /* Build configuration list for PBXNativeTarget "Demo" */ = {
			isa = XCConfigurationList;
			buildConfigurations = (
				5282ECB62AAF18E50024C6B0 /* Debug */,
				5282ECB72AAF18E50024C6B0 /* Release */,
			);
			defaultConfigurationIsVisible = 0;
			defaultConfigurationName = Release;
		};
/* End XCConfigurationList section */

/* Begin XCSwiftPackageProductDependency section */
		5282ECBD2AAF1A800024C6B0 /* ImageOCR */ = {
			isa = XCSwiftPackageProductDependency;
			productName = ImageOCR;
		};
/* End XCSwiftPackageProductDependency section */
	};
	rootObject = 5282EC9E2AAF18E40024C6B0 /* Project object */;
}
